// !$*UTF8*$!
{
	archiveVersion = 1;
	classes = {
	};
	objectVersion = 46;
	objects = {

/* Begin PBXBuildFile section */
		14CC6AE01B15EF850085E56C /* main.m in Sources */ = {isa = PBXBuildFile; fileRef = 14CC6ADF1B15EF850085E56C /* main.m */; };
		14CC6AE31B15EF850085E56C /* AppDelegate.m in Sources */ = {isa = PBXBuildFile; fileRef = 14CC6AE21B15EF850085E56C /* AppDelegate.m */; };
		14CC6AEB1B15EF850085E56C /* Images.xcassets in Resources */ = {isa = PBXBuildFile; fileRef = 14CC6AEA1B15EF850085E56C /* Images.xcassets */; };
		14CC6AEE1B15EF850085E56C /* LaunchScreen.xib in Resources */ = {isa = PBXBuildFile; fileRef = 14CC6AEC1B15EF850085E56C /* LaunchScreen.xib */; };
		14CC6AFA1B15EF860085E56C /* ExerciseGCDTests.m in Sources */ = {isa = PBXBuildFile; fileRef = 14CC6AF91B15EF860085E56C /* ExerciseGCDTests.m */; };
		14CC6B0D1B15F0410085E56C /* JCMainViewController.m in Sources */ = {isa = PBXBuildFile; fileRef = 14CC6B0B1B15F0410085E56C /* JCMainViewController.m */; };
		14CC6B0E1B15F0410085E56C /* JCMainViewController.xib in Resources */ = {isa = PBXBuildFile; fileRef = 14CC6B0C1B15F0410085E56C /* JCMainViewController.xib */; };
		14CC6B121B1605D60085E56C /* MBProgressHUD.m in Sources */ = {isa = PBXBuildFile; fileRef = 14CC6B111B1605D60085E56C /* MBProgressHUD.m */; };
		14CC6B161B16183A0085E56C /* Item.m in Sources */ = {isa = PBXBuildFile; fileRef = 14CC6B151B16183A0085E56C /* Item.m */; };
		14CC6B211B1618DD0085E56C /* JCCreateItemViewController.m in Sources */ = {isa = PBXBuildFile; fileRef = 14CC6B1F1B1618DD0085E56C /* JCCreateItemViewController.m */; };
		14CC6B221B1618DD0085E56C /* JCCreateItemViewController.xib in Resources */ = {isa = PBXBuildFile; fileRef = 14CC6B201B1618DD0085E56C /* JCCreateItemViewController.xib */; };
		14CC6B271B16416D0085E56C /* ItemManager.m in Sources */ = {isa = PBXBuildFile; fileRef = 14CC6B261B16416D0085E56C /* ItemManager.m */; };
		14CC6B2B1B1660290085E56C /* ItemTableViewCell.xib in Resources */ = {isa = PBXBuildFile; fileRef = 14CC6B2A1B1660290085E56C /* ItemTableViewCell.xib */; };
		14CC6B2E1B1660330085E56C /* ItemTableViewCell.m in Sources */ = {isa = PBXBuildFile; fileRef = 14CC6B2D1B1660330085E56C /* ItemTableViewCell.m */; };
/* End PBXBuildFile section */

/* Begin PBXContainerItemProxy section */
		14CC6AF41B15EF860085E56C /* PBXContainerItemProxy */ = {
			isa = PBXContainerItemProxy;
			containerPortal = 14CC6AD21B15EF850085E56C /* Project object */;
			proxyType = 1;
			remoteGlobalIDString = 14CC6AD91B15EF850085E56C;
			remoteInfo = ExerciseGCD;
		};
/* End PBXContainerItemProxy section */

/* Begin PBXFileReference section */
		14CC6ADA1B15EF850085E56C /* ExerciseGCD.app */ = {isa = PBXFileReference; explicitFileType = wrapper.application; includeInIndex = 0; path = ExerciseGCD.app; sourceTree = BUILT_PRODUCTS_DIR; };
		14CC6ADE1B15EF850085E56C /* Info.plist */ = {isa = PBXFileReference; lastKnownFileType = text.plist.xml; path = Info.plist; sourceTree = "<group>"; };
		14CC6ADF1B15EF850085E56C /* main.m */ = {isa = PBXFileReference; lastKnownFileType = sourcecode.c.objc; path = main.m; sourceTree = "<group>"; };
		14CC6AE11B15EF850085E56C /* AppDelegate.h */ = {isa = PBXFileReference; lastKnownFileType = sourcecode.c.h; path = AppDelegate.h; sourceTree = "<group>"; };
		14CC6AE21B15EF850085E56C /* AppDelegate.m */ = {isa = PBXFileReference; lastKnownFileType = sourcecode.c.objc; path = AppDelegate.m; sourceTree = "<group>"; };
		14CC6AEA1B15EF850085E56C /* Images.xcassets */ = {isa = PBXFileReference; lastKnownFileType = folder.assetcatalog; path = Images.xcassets; sourceTree = "<group>"; };
		14CC6AED1B15EF850085E56C /* Base */ = {isa = PBXFileReference; lastKnownFileType = file.xib; name = Base; path = Base.lproj/LaunchScreen.xib; sourceTree = "<group>"; };
		14CC6AF31B15EF860085E56C /* ExerciseGCDTests.xctest */ = {isa = PBXFileReference; explicitFileType = wrapper.cfbundle; includeInIndex = 0; path = ExerciseGCDTests.xctest; sourceTree = BUILT_PRODUCTS_DIR; };
		14CC6AF81B15EF860085E56C /* Info.plist */ = {isa = PBXFileReference; lastKnownFileType = text.plist.xml; path = Info.plist; sourceTree = "<group>"; };
		14CC6AF91B15EF860085E56C /* ExerciseGCDTests.m */ = {isa = PBXFileReference; lastKnownFileType = sourcecode.c.objc; path = ExerciseGCDTests.m; sourceTree = "<group>"; };
		14CC6B0A1B15F0410085E56C /* JCMainViewController.h */ = {isa = PBXFileReference; fileEncoding = 4; lastKnownFileType = sourcecode.c.h; path = JCMainViewController.h; sourceTree = "<group>"; };
		14CC6B0B1B15F0410085E56C /* JCMainViewController.m */ = {isa = PBXFileReference; fileEncoding = 4; lastKnownFileType = sourcecode.c.objc; path = JCMainViewController.m; sourceTree = "<group>"; };
		14CC6B0C1B15F0410085E56C /* JCMainViewController.xib */ = {isa = PBXFileReference; fileEncoding = 4; lastKnownFileType = file.xib; path = JCMainViewController.xib; sourceTree = "<group>"; };
		14CC6B101B1605D60085E56C /* MBProgressHUD.h */ = {isa = PBXFileReference; fileEncoding = 4; lastKnownFileType = sourcecode.c.h; path = MBProgressHUD.h; sourceTree = "<group>"; };
		14CC6B111B1605D60085E56C /* MBProgressHUD.m */ = {isa = PBXFileReference; fileEncoding = 4; lastKnownFileType = sourcecode.c.objc; path = MBProgressHUD.m; sourceTree = "<group>"; };
		14CC6B141B16183A0085E56C /* Item.h */ = {isa = PBXFileReference; fileEncoding = 4; lastKnownFileType = sourcecode.c.h; path = Item.h; sourceTree = "<group>"; };
		14CC6B151B16183A0085E56C /* Item.m */ = {isa = PBXFileReference; fileEncoding = 4; lastKnownFileType = sourcecode.c.objc; path = Item.m; sourceTree = "<group>"; };
		14CC6B1E1B1618DD0085E56C /* JCCreateItemViewController.h */ = {isa = PBXFileReference; fileEncoding = 4; lastKnownFileType = sourcecode.c.h; path = JCCreateItemViewController.h; sourceTree = "<group>"; };
		14CC6B1F1B1618DD0085E56C /* JCCreateItemViewController.m */ = {isa = PBXFileReference; fileEncoding = 4; lastKnownFileType = sourcecode.c.objc; path = JCCreateItemViewController.m; sourceTree = "<group>"; };
		14CC6B201B1618DD0085E56C /* JCCreateItemViewController.xib */ = {isa = PBXFileReference; fileEncoding = 4; lastKnownFileType = file.xib; path = JCCreateItemViewController.xib; sourceTree = "<group>"; };
		14CC6B251B16416D0085E56C /* ItemManager.h */ = {isa = PBXFileReference; fileEncoding = 4; lastKnownFileType = sourcecode.c.h; path = ItemManager.h; sourceTree = "<group>"; };
		14CC6B261B16416D0085E56C /* ItemManager.m */ = {isa = PBXFileReference; fileEncoding = 4; lastKnownFileType = sourcecode.c.objc; path = ItemManager.m; sourceTree = "<group>"; };
		14CC6B2A1B1660290085E56C /* ItemTableViewCell.xib */ = {isa = PBXFileReference; fileEncoding = 4; lastKnownFileType = file.xib; path = ItemTableViewCell.xib; sourceTree = "<group>"; };
		14CC6B2C1B1660330085E56C /* ItemTableViewCell.h */ = {isa = PBXFileReference; fileEncoding = 4; lastKnownFileType = sourcecode.c.h; path = ItemTableViewCell.h; sourceTree = "<group>"; };
		14CC6B2D1B1660330085E56C /* ItemTableViewCell.m */ = {isa = PBXFileReference; fileEncoding = 4; lastKnownFileType = sourcecode.c.objc; path = ItemTableViewCell.m; sourceTree = "<group>"; };
/* End PBXFileReference section */

/* Begin PBXFrameworksBuildPhase section */
		14CC6AD71B15EF850085E56C /* Frameworks */ = {
			isa = PBXFrameworksBuildPhase;
			buildActionMask = 2147483647;
			files = (
			);
			runOnlyForDeploymentPostprocessing = 0;
		};
		14CC6AF01B15EF860085E56C /* Frameworks */ = {
			isa = PBXFrameworksBuildPhase;
			buildActionMask = 2147483647;
			files = (
			);
			runOnlyForDeploymentPostprocessing = 0;
		};
/* End PBXFrameworksBuildPhase section */

/* Begin PBXGroup section */
		14CC6AD11B15EF850085E56C = {
			isa = PBXGroup;
			children = (
				14CC6ADC1B15EF850085E56C /* ExerciseGCD */,
				14CC6AF61B15EF860085E56C /* ExerciseGCDTests */,
				14CC6ADB1B15EF850085E56C /* Products */,
			);
			sourceTree = "<group>";
		};
		14CC6ADB1B15EF850085E56C /* Products */ = {
			isa = PBXGroup;
			children = (
				14CC6ADA1B15EF850085E56C /* ExerciseGCD.app */,
				14CC6AF31B15EF860085E56C /* ExerciseGCDTests.xctest */,
			);
			name = Products;
			sourceTree = "<group>";
		};
		14CC6ADC1B15EF850085E56C /* ExerciseGCD */ = {
			isa = PBXGroup;
			children = (
				14CC6B231B16413E0085E56C /* Model */,
				14CC6B0F1B1605B00085E56C /* ProgressViewLib */,
				14CC6B041B15EFD10085E56C /* View */,
				14CC6B031B15EFBE0085E56C /* Delegate */,
				14CC6AEA1B15EF850085E56C /* Images.xcassets */,
				14CC6AEC1B15EF850085E56C /* LaunchScreen.xib */,
				14CC6ADD1B15EF850085E56C /* Supporting Files */,
			);
			path = ExerciseGCD;
			sourceTree = "<group>";
		};
		14CC6ADD1B15EF850085E56C /* Supporting Files */ = {
			isa = PBXGroup;
			children = (
				14CC6ADE1B15EF850085E56C /* Info.plist */,
				14CC6ADF1B15EF850085E56C /* main.m */,
			);
			name = "Supporting Files";
			sourceTree = "<group>";
		};
		14CC6AF61B15EF860085E56C /* ExerciseGCDTests */ = {
			isa = PBXGroup;
			children = (
				14CC6AF91B15EF860085E56C /* ExerciseGCDTests.m */,
				14CC6AF71B15EF860085E56C /* Supporting Files */,
			);
			path = ExerciseGCDTests;
			sourceTree = "<group>";
		};
		14CC6AF71B15EF860085E56C /* Supporting Files */ = {
			isa = PBXGroup;
			children = (
				14CC6AF81B15EF860085E56C /* Info.plist */,
			);
			name = "Supporting Files";
			sourceTree = "<group>";
		};
		14CC6B031B15EFBE0085E56C /* Delegate */ = {
			isa = PBXGroup;
			children = (
				14CC6AE11B15EF850085E56C /* AppDelegate.h */,
				14CC6AE21B15EF850085E56C /* AppDelegate.m */,
			);
			name = Delegate;
			sourceTree = "<group>";
		};
		14CC6B041B15EFD10085E56C /* View */ = {
			isa = PBXGroup;
			children = (
				14CC6B291B165FFB0085E56C /* ItemTableView */,
				14CC6B181B16189A0085E56C /* MainView */,
				14CC6B171B1618860085E56C /* CreateItemView */,
			);
			name = View;
			sourceTree = "<group>";
		};
		14CC6B0F1B1605B00085E56C /* ProgressViewLib */ = {
			isa = PBXGroup;
			children = (
				14CC6B101B1605D60085E56C /* MBProgressHUD.h */,
				14CC6B111B1605D60085E56C /* MBProgressHUD.m */,
			);
			name = ProgressViewLib;
			sourceTree = "<group>";
		};
		14CC6B131B1617AC0085E56C /* Item */ = {
			isa = PBXGroup;
			children = (
				14CC6B141B16183A0085E56C /* Item.h */,
				14CC6B151B16183A0085E56C /* Item.m */,
			);
			name = Item;
			sourceTree = "<group>";
		};
		14CC6B171B1618860085E56C /* CreateItemView */ = {
			isa = PBXGroup;
			children = (
				14CC6B1E1B1618DD0085E56C /* JCCreateItemViewController.h */,
				14CC6B1F1B1618DD0085E56C /* JCCreateItemViewController.m */,
				14CC6B201B1618DD0085E56C /* JCCreateItemViewController.xib */,
			);
			name = CreateItemView;
			sourceTree = "<group>";
		};
		14CC6B181B16189A0085E56C /* MainView */ = {
			isa = PBXGroup;
			children = (
				14CC6B0A1B15F0410085E56C /* JCMainViewController.h */,
				14CC6B0B1B15F0410085E56C /* JCMainViewController.m */,
				14CC6B0C1B15F0410085E56C /* JCMainViewController.xib */,
			);
			name = MainView;
			sourceTree = "<group>";
		};
		14CC6B231B16413E0085E56C /* Model */ = {
			isa = PBXGroup;
			children = (
				14CC6B241B1641460085E56C /* ItemManager */,
				14CC6B131B1617AC0085E56C /* Item */,
			);
			name = Model;
			sourceTree = "<group>";
		};
		14CC6B241B1641460085E56C /* ItemManager */ = {
			isa = PBXGroup;
			children = (
				14CC6B251B16416D0085E56C /* ItemManager.h */,
				14CC6B261B16416D0085E56C /* ItemManager.m */,
			);
			name = ItemManager;
			sourceTree = "<group>";
		};
		14CC6B291B165FFB0085E56C /* ItemTableView */ = {
			isa = PBXGroup;
			children = (
				14CC6B2C1B1660330085E56C /* ItemTableViewCell.h */,
				14CC6B2D1B1660330085E56C /* ItemTableViewCell.m */,
				14CC6B2A1B1660290085E56C /* ItemTableViewCell.xib */,
			);
			name = ItemTableView;
			sourceTree = "<group>";
		};
/* End PBXGroup section */

/* Begin PBXNativeTarget section */
		14CC6AD91B15EF850085E56C /* ExerciseGCD */ = {
			isa = PBXNativeTarget;
			buildConfigurationList = 14CC6AFD1B15EF860085E56C /* Build configuration list for PBXNativeTarget "ExerciseGCD" */;
			buildPhases = (
				14CC6AD61B15EF850085E56C /* Sources */,
				14CC6AD71B15EF850085E56C /* Frameworks */,
				14CC6AD81B15EF850085E56C /* Resources */,
			);
			buildRules = (
			);
			dependencies = (
			);
			name = ExerciseGCD;
			productName = ExerciseGCD;
			productReference = 14CC6ADA1B15EF850085E56C /* ExerciseGCD.app */;
			productType = "com.apple.product-type.application";
		};
		14CC6AF21B15EF860085E56C /* ExerciseGCDTests */ = {
			isa = PBXNativeTarget;
			buildConfigurationList = 14CC6B001B15EF860085E56C /* Build configuration list for PBXNativeTarget "ExerciseGCDTests" */;
			buildPhases = (
				14CC6AEF1B15EF860085E56C /* Sources */,
				14CC6AF01B15EF860085E56C /* Frameworks */,
				14CC6AF11B15EF860085E56C /* Resources */,
			);
			buildRules = (
			);
			dependencies = (
				14CC6AF51B15EF860085E56C /* PBXTargetDependency */,
			);
			name = ExerciseGCDTests;
			productName = ExerciseGCDTests;
			productReference = 14CC6AF31B15EF860085E56C /* ExerciseGCDTests.xctest */;
			productType = "com.apple.product-type.bundle.unit-test";
		};
/* End PBXNativeTarget section */

/* Begin PBXProject section */
		14CC6AD21B15EF850085E56C /* Project object */ = {
			isa = PBXProject;
			attributes = {
				LastUpgradeCheck = 0630;
				ORGANIZATIONNAME = "Julio Castillo";
				TargetAttributes = {
					14CC6AD91B15EF850085E56C = {
						CreatedOnToolsVersion = 6.3.1;
					};
					14CC6AF21B15EF860085E56C = {
						CreatedOnToolsVersion = 6.3.1;
						TestTargetID = 14CC6AD91B15EF850085E56C;
					};
				};
			};
			buildConfigurationList = 14CC6AD51B15EF850085E56C /* Build configuration list for PBXProject "ExerciseGCD" */;
			compatibilityVersion = "Xcode 3.2";
			developmentRegion = English;
			hasScannedForEncodings = 0;
			knownRegions = (
				en,
				Base,
			);
			mainGroup = 14CC6AD11B15EF850085E56C;
			productRefGroup = 14CC6ADB1B15EF850085E56C /* Products */;
			projectDirPath = "";
			projectRoot = "";
			targets = (
				14CC6AD91B15EF850085E56C /* ExerciseGCD */,
				14CC6AF21B15EF860085E56C /* ExerciseGCDTests */,
			);
		};
/* End PBXProject section */

/* Begin PBXResourcesBuildPhase section */
		14CC6AD81B15EF850085E56C /* Resources */ = {
			isa = PBXResourcesBuildPhase;
			buildActionMask = 2147483647;
			files = (
				14CC6AEE1B15EF850085E56C /* LaunchScreen.xib in Resources */,
				14CC6B0E1B15F0410085E56C /* JCMainViewController.xib in Resources */,
				14CC6B221B1618DD0085E56C /* JCCreateItemViewController.xib in Resources */,
				14CC6B2B1B1660290085E56C /* ItemTableViewCell.xib in Resources */,
				14CC6AEB1B15EF850085E56C /* Images.xcassets in Resources */,
			);
			runOnlyForDeploymentPostprocessing = 0;
		};
		14CC6AF11B15EF860085E56C /* Resources */ = {
			isa = PBXResourcesBuildPhase;
			buildActionMask = 2147483647;
			files = (
			);
			runOnlyForDeploymentPostprocessing = 0;
		};
/* End PBXResourcesBuildPhase section */

/* Begin PBXSourcesBuildPhase section */
		14CC6AD61B15EF850085E56C /* Sources */ = {
			isa = PBXSourcesBuildPhase;
			buildActionMask = 2147483647;
			files = (
				14CC6B2E1B1660330085E56C /* ItemTableViewCell.m in Sources */,
				14CC6B271B16416D0085E56C /* ItemManager.m in Sources */,
				14CC6B211B1618DD0085E56C /* JCCreateItemViewController.m in Sources */,
				14CC6B161B16183A0085E56C /* Item.m in Sources */,
				14CC6AE31B15EF850085E56C /* AppDelegate.m in Sources */,
				14CC6B0D1B15F0410085E56C /* JCMainViewController.m in Sources */,
				14CC6AE01B15EF850085E56C /* main.m in Sources */,
				14CC6B121B1605D60085E56C /* MBProgressHUD.m in Sources */,
			);
			runOnlyForDeploymentPostprocessing = 0;
		};
		14CC6AEF1B15EF860085E56C /* Sources */ = {
			isa = PBXSourcesBuildPhase;
			buildActionMask = 2147483647;
			files = (
				14CC6AFA1B15EF860085E56C /* ExerciseGCDTests.m in Sources */,
			);
			runOnlyForDeploymentPostprocessing = 0;
		};
/* End PBXSourcesBuildPhase section */

/* Begin PBXTargetDependency section */
		14CC6AF51B15EF860085E56C /* PBXTargetDependency */ = {
			isa = PBXTargetDependency;
			target = 14CC6AD91B15EF850085E56C /* ExerciseGCD */;
			targetProxy = 14CC6AF41B15EF860085E56C /* PBXContainerItemProxy */;
		};
/* End PBXTargetDependency section */

/* Begin PBXVariantGroup section */
		14CC6AEC1B15EF850085E56C /* LaunchScreen.xib */ = {
			isa = PBXVariantGroup;
			children = (
				14CC6AED1B15EF850085E56C /* Base */,
			);
			name = LaunchScreen.xib;
			sourceTree = "<group>";
		};
/* End PBXVariantGroup section */

/* Begin XCBuildConfiguration section */
		14CC6AFB1B15EF860085E56C /* Debug */ = {
			isa = XCBuildConfiguration;
			buildSettings = {
				ALWAYS_SEARCH_USER_PATHS = NO;
				CLANG_CXX_LANGUAGE_STANDARD = "gnu++0x";
				CLANG_CXX_LIBRARY = "libc++";
				CLANG_ENABLE_MODULES = YES;
				CLANG_ENABLE_OBJC_ARC = YES;
				CLANG_WARN_BOOL_CONVERSION = YES;
				CLANG_WARN_CONSTANT_CONVERSION = YES;
				CLANG_WARN_DIRECT_OBJC_ISA_USAGE = YES_ERROR;
				CLANG_WARN_EMPTY_BODY = YES;
				CLANG_WARN_ENUM_CONVERSION = YES;
				CLANG_WARN_INT_CONVERSION = YES;
				CLANG_WARN_OBJC_ROOT_CLASS = YES_ERROR;
				CLANG_WARN_UNREACHABLE_CODE = YES;
				CLANG_WARN__DUPLICATE_METHOD_MATCH = YES;
				"CODE_SIGN_IDENTITY[sdk=iphoneos*]" = "iPhone Developer";
				COPY_PHASE_STRIP = NO;
				DEBUG_INFORMATION_FORMAT = "dwarf-with-dsym";
				ENABLE_STRICT_OBJC_MSGSEND = YES;
				GCC_C_LANGUAGE_STANDARD = gnu99;
				GCC_DYNAMIC_NO_PIC = NO;
				GCC_NO_COMMON_BLOCKS = YES;
				GCC_OPTIMIZATION_LEVEL = 0;
				GCC_PREPROCESSOR_DEFINITIONS = (
					"DEBUG=1",
					"$(inherited)",
				);
				GCC_SYMBOLS_PRIVATE_EXTERN = NO;
				GCC_WARN_64_TO_32_BIT_CONVERSION = YES;
				GCC_WARN_ABOUT_RETURN_TYPE = YES_ERROR;
				GCC_WARN_UNDECLARED_SELECTOR = YES;
				GCC_WARN_UNINITIALIZED_AUTOS = YES_AGGRESSIVE;
				GCC_WARN_UNUSED_FUNCTION = YES;
				GCC_WARN_UNUSED_VARIABLE = YES;
				IPHONEOS_DEPLOYMENT_TARGET = 8.3;
				MTL_ENABLE_DEBUG_INFO = YES;
				ONLY_ACTIVE_ARCH = YES;
				SDKROOT = iphoneos;
			};
			name = Debug;
		};
		14CC6AFC1B15EF860085E56C /* Release */ = {
			isa = XCBuildConfiguration;
			buildSettings = {
				ALWAYS_SEARCH_USER_PATHS = NO;
				CLANG_CXX_LANGUAGE_STANDARD = "gnu++0x";
				CLANG_CXX_LIBRARY = "libc++";
				CLANG_ENABLE_MODULES = YES;
				CLANG_ENABLE_OBJC_ARC = YES;
				CLANG_WARN_BOOL_CONVERSION = YES;
				CLANG_WARN_CONSTANT_CONVERSION = YES;
				CLANG_WARN_DIRECT_OBJC_ISA_USAGE = YES_ERROR;
				CLANG_WARN_EMPTY_BODY = YES;
				CLANG_WARN_ENUM_CONVERSION = YES;
				CLANG_WARN_INT_CONVERSION = YES;
				CLANG_WARN_OBJC_ROOT_CLASS = YES_ERROR;
				CLANG_WARN_UNREACHABLE_CODE = YES;
				CLANG_WARN__DUPLICATE_METHOD_MATCH = YES;
				"CODE_SIGN_IDENTITY[sdk=iphoneos*]" = "iPhone Developer";
				COPY_PHASE_STRIP = NO;
				DEBUG_INFORMATION_FORMAT = "dwarf-with-dsym";
				ENABLE_NS_ASSERTIONS = NO;
				ENABLE_STRICT_OBJC_MSGSEND = YES;
				GCC_C_LANGUAGE_STANDARD = gnu99;
				GCC_NO_COMMON_BLOCKS = YES;
				GCC_WARN_64_TO_32_BIT_CONVERSION = YES;
				GCC_WARN_ABOUT_RETURN_TYPE = YES_ERROR;
				GCC_WARN_UNDECLARED_SELECTOR = YES;
				GCC_WARN_UNINITIALIZED_AUTOS = YES_AGGRESSIVE;
				GCC_WARN_UNUSED_FUNCTION = YES;
				GCC_WARN_UNUSED_VARIABLE = YES;
				IPHONEOS_DEPLOYMENT_TARGET = 8.3;
				MTL_ENABLE_DEBUG_INFO = NO;
				SDKROOT = iphoneos;
				VALIDATE_PRODUCT = YES;
			};
			name = Release;
		};
		14CC6AFE1B15EF860085E56C /* Debug */ = {
			isa = XCBuildConfiguration;
			buildSettings = {
				ASSETCATALOG_COMPILER_APPICON_NAME = AppIcon;
				INFOPLIST_FILE = ExerciseGCD/Info.plist;
				LD_RUNPATH_SEARCH_PATHS = "$(inherited) @executable_path/Frameworks";
				PRODUCT_NAME = "$(TARGET_NAME)";
			};
			name = Debug;
		};
		14CC6AFF1B15EF860085E56C /* Release */ = {
			isa = XCBuildConfiguration;
			buildSettings = {
				ASSETCATALOG_COMPILER_APPICON_NAME = AppIcon;
				INFOPLIST_FILE = ExerciseGCD/Info.plist;
				LD_RUNPATH_SEARCH_PATHS = "$(inherited) @executable_path/Frameworks";
				PRODUCT_NAME = "$(TARGET_NAME)";
			};
			name = Release;
		};
		14CC6B011B15EF860085E56C /* Debug */ = {
			isa = XCBuildConfiguration;
			buildSettings = {
				BUNDLE_LOADER = "$(TEST_HOST)";
				FRAMEWORK_SEARCH_PATHS = (
					"$(SDKROOT)/Developer/Library/Frameworks",
					"$(inherited)",
				);
				GCC_PREPROCESSOR_DEFINITIONS = (
					"DEBUG=1",
					"$(inherited)",
				);
				INFOPLIST_FILE = ExerciseGCDTests/Info.plist;
				LD_RUNPATH_SEARCH_PATHS = "$(inherited) @executable_path/Frameworks @loader_path/Frameworks";
				PRODUCT_NAME = "$(TARGET_NAME)";
				TEST_HOST = "$(BUILT_PRODUCTS_DIR)/ExerciseGCD.app/ExerciseGCD";
			};
			name = Debug;
		};
		14CC6B021B15EF860085E56C /* Release */ = {
			isa = XCBuildConfiguration;
			buildSettings = {
				BUNDLE_LOADER = "$(TEST_HOST)";
				FRAMEWORK_SEARCH_PATHS = (
					"$(SDKROOT)/Developer/Library/Frameworks",
					"$(inherited)",
				);
				INFOPLIST_FILE = ExerciseGCDTests/Info.plist;
				LD_RUNPATH_SEARCH_PATHS = "$(inherited) @executable_path/Frameworks @loader_path/Frameworks";
				PRODUCT_NAME = "$(TARGET_NAME)";
				TEST_HOST = "$(BUILT_PRODUCTS_DIR)/ExerciseGCD.app/ExerciseGCD";
			};
			name = Release;
		};
/* End XCBuildConfiguration section */

/* Begin XCConfigurationList section */
		14CC6AD51B15EF850085E56C /* Build configuration list for PBXProject "ExerciseGCD" */ = {
			isa = XCConfigurationList;
			buildConfigurations = (
				14CC6AFB1B15EF860085E56C /* Debug */,
				14CC6AFC1B15EF860085E56C /* Release */,
			);
			defaultConfigurationIsVisible = 0;
			defaultConfigurationName = Release;
		};
		14CC6AFD1B15EF860085E56C /* Build configuration list for PBXNativeTarget "ExerciseGCD" */ = {
			isa = XCConfigurationList;
			buildConfigurations = (
				14CC6AFE1B15EF860085E56C /* Debug */,
				14CC6AFF1B15EF860085E56C /* Release */,
			);
			defaultConfigurationIsVisible = 0;
		};
		14CC6B001B15EF860085E56C /* Build configuration list for PBXNativeTarget "ExerciseGCDTests" */ = {
			isa = XCConfigurationList;
			buildConfigurations = (
				14CC6B011B15EF860085E56C /* Debug */,
				14CC6B021B15EF860085E56C /* Release */,
			);
			defaultConfigurationIsVisible = 0;
		};
/* End XCConfigurationList section */
	};
	rootObject = 14CC6AD21B15EF850085E56C /* Project object */;
}
