// !$*UTF8*$!
{
	archiveVersion = 1;
	classes = {
	};
	objectVersion = 46;
	objects = {

/* Begin PBXBuildFile section */
		148837F91B04DC42001C469E /* main.m in Sources */ = {isa = PBXBuildFile; fileRef = 148837F81B04DC42001C469E /* main.m */; };
		148837FC1B04DC42001C469E /* AppDelegate.m in Sources */ = {isa = PBXBuildFile; fileRef = 148837FB1B04DC42001C469E /* AppDelegate.m */; };
		148837FF1B04DC42001C469E /* ViewController.m in Sources */ = {isa = PBXBuildFile; fileRef = 148837FE1B04DC42001C469E /* ViewController.m */; };
		148838021B04DC42001C469E /* Main.storyboard in Resources */ = {isa = PBXBuildFile; fileRef = 148838001B04DC42001C469E /* Main.storyboard */; };
		148838041B04DC42001C469E /* Images.xcassets in Resources */ = {isa = PBXBuildFile; fileRef = 148838031B04DC42001C469E /* Images.xcassets */; };
		148838071B04DC42001C469E /* LaunchScreen.xib in Resources */ = {isa = PBXBuildFile; fileRef = 148838051B04DC42001C469E /* LaunchScreen.xib */; };
		148838131B04DC42001C469E /* Tab_bar_exampleTests.m in Sources */ = {isa = PBXBuildFile; fileRef = 148838121B04DC42001C469E /* Tab_bar_exampleTests.m */; };
/* End PBXBuildFile section */

/* Begin PBXContainerItemProxy section */
		1488380D1B04DC42001C469E /* PBXContainerItemProxy */ = {
			isa = PBXContainerItemProxy;
			containerPortal = 148837EB1B04DC42001C469E /* Project object */;
			proxyType = 1;
			remoteGlobalIDString = 148837F21B04DC42001C469E;
			remoteInfo = "Tab bar example";
		};
/* End PBXContainerItemProxy section */

/* Begin PBXFileReference section */
		148837F31B04DC42001C469E /* Tab bar example.app */ = {isa = PBXFileReference; explicitFileType = wrapper.application; includeInIndex = 0; path = "Tab bar example.app"; sourceTree = BUILT_PRODUCTS_DIR; };
		148837F71B04DC42001C469E /* Info.plist */ = {isa = PBXFileReference; lastKnownFileType = text.plist.xml; path = Info.plist; sourceTree = "<group>"; };
		148837F81B04DC42001C469E /* main.m */ = {isa = PBXFileReference; lastKnownFileType = sourcecode.c.objc; path = main.m; sourceTree = "<group>"; };
		148837FA1B04DC42001C469E /* AppDelegate.h */ = {isa = PBXFileReference; lastKnownFileType = sourcecode.c.h; path = AppDelegate.h; sourceTree = "<group>"; };
		148837FB1B04DC42001C469E /* AppDelegate.m */ = {isa = PBXFileReference; lastKnownFileType = sourcecode.c.objc; path = AppDelegate.m; sourceTree = "<group>"; };
		148837FD1B04DC42001C469E /* ViewController.h */ = {isa = PBXFileReference; lastKnownFileType = sourcecode.c.h; path = ViewController.h; sourceTree = "<group>"; };
		148837FE1B04DC42001C469E /* ViewController.m */ = {isa = PBXFileReference; lastKnownFileType = sourcecode.c.objc; path = ViewController.m; sourceTree = "<group>"; };
		148838011B04DC42001C469E /* Base */ = {isa = PBXFileReference; lastKnownFileType = file.storyboard; name = Base; path = Base.lproj/Main.storyboard; sourceTree = "<group>"; };
		148838031B04DC42001C469E /* Images.xcassets */ = {isa = PBXFileReference; lastKnownFileType = folder.assetcatalog; path = Images.xcassets; sourceTree = "<group>"; };
		148838061B04DC42001C469E /* Base */ = {isa = PBXFileReference; lastKnownFileType = file.xib; name = Base; path = Base.lproj/LaunchScreen.xib; sourceTree = "<group>"; };
		1488380C1B04DC42001C469E /* Tab bar exampleTests.xctest */ = {isa = PBXFileReference; explicitFileType = wrapper.cfbundle; includeInIndex = 0; path = "Tab bar exampleTests.xctest"; sourceTree = BUILT_PRODUCTS_DIR; };
		148838111B04DC42001C469E /* Info.plist */ = {isa = PBXFileReference; lastKnownFileType = text.plist.xml; path = Info.plist; sourceTree = "<group>"; };
		148838121B04DC42001C469E /* Tab_bar_exampleTests.m */ = {isa = PBXFileReference; lastKnownFileType = sourcecode.c.objc; path = Tab_bar_exampleTests.m; sourceTree = "<group>"; };
/* End PBXFileReference section */

/* Begin PBXFrameworksBuildPhase section */
		148837F01B04DC42001C469E /* Frameworks */ = {
			isa = PBXFrameworksBuildPhase;
			buildActionMask = 2147483647;
			files = (
			);
			runOnlyForDeploymentPostprocessing = 0;
		};
		148838091B04DC42001C469E /* Frameworks */ = {
			isa = PBXFrameworksBuildPhase;
			buildActionMask = 2147483647;
			files = (
			);
			runOnlyForDeploymentPostprocessing = 0;
		};
/* End PBXFrameworksBuildPhase section */

/* Begin PBXGroup section */
		148837EA1B04DC42001C469E = {
			isa = PBXGroup;
			children = (
				148837F51B04DC42001C469E /* Tab bar example */,
				1488380F1B04DC42001C469E /* Tab bar exampleTests */,
				148837F41B04DC42001C469E /* Products */,
			);
			sourceTree = "<group>";
		};
		148837F41B04DC42001C469E /* Products */ = {
			isa = PBXGroup;
			children = (
				148837F31B04DC42001C469E /* Tab bar example.app */,
				1488380C1B04DC42001C469E /* Tab bar exampleTests.xctest */,
			);
			name = Products;
			sourceTree = "<group>";
		};
		148837F51B04DC42001C469E /* Tab bar example */ = {
			isa = PBXGroup;
			children = (
				148837FA1B04DC42001C469E /* AppDelegate.h */,
				148837FB1B04DC42001C469E /* AppDelegate.m */,
				148837FD1B04DC42001C469E /* ViewController.h */,
				148837FE1B04DC42001C469E /* ViewController.m */,
				148838001B04DC42001C469E /* Main.storyboard */,
				148838031B04DC42001C469E /* Images.xcassets */,
				148838051B04DC42001C469E /* LaunchScreen.xib */,
				148837F61B04DC42001C469E /* Supporting Files */,
			);
			path = "Tab bar example";
			sourceTree = "<group>";
		};
		148837F61B04DC42001C469E /* Supporting Files */ = {
			isa = PBXGroup;
			children = (
				148837F71B04DC42001C469E /* Info.plist */,
				148837F81B04DC42001C469E /* main.m */,
			);
			name = "Supporting Files";
			sourceTree = "<group>";
		};
		1488380F1B04DC42001C469E /* Tab bar exampleTests */ = {
			isa = PBXGroup;
			children = (
				148838121B04DC42001C469E /* Tab_bar_exampleTests.m */,
				148838101B04DC42001C469E /* Supporting Files */,
			);
			path = "Tab bar exampleTests";
			sourceTree = "<group>";
		};
		148838101B04DC42001C469E /* Supporting Files */ = {
			isa = PBXGroup;
			children = (
				148838111B04DC42001C469E /* Info.plist */,
			);
			name = "Supporting Files";
			sourceTree = "<group>";
		};
/* End PBXGroup section */

/* Begin PBXNativeTarget section */
		148837F21B04DC42001C469E /* Tab bar example */ = {
			isa = PBXNativeTarget;
			buildConfigurationList = 148838161B04DC42001C469E /* Build configuration list for PBXNativeTarget "Tab bar example" */;
			buildPhases = (
				148837EF1B04DC42001C469E /* Sources */,
				148837F01B04DC42001C469E /* Frameworks */,
				148837F11B04DC42001C469E /* Resources */,
			);
			buildRules = (
			);
			dependencies = (
			);
			name = "Tab bar example";
			productName = "Tab bar example";
			productReference = 148837F31B04DC42001C469E /* Tab bar example.app */;
			productType = "com.apple.product-type.application";
		};
		1488380B1B04DC42001C469E /* Tab bar exampleTests */ = {
			isa = PBXNativeTarget;
			buildConfigurationList = 148838191B04DC42001C469E /* Build configuration list for PBXNativeTarget "Tab bar exampleTests" */;
			buildPhases = (
				148838081B04DC42001C469E /* Sources */,
				148838091B04DC42001C469E /* Frameworks */,
				1488380A1B04DC42001C469E /* Resources */,
			);
			buildRules = (
			);
			dependencies = (
				1488380E1B04DC42001C469E /* PBXTargetDependency */,
			);
			name = "Tab bar exampleTests";
			productName = "Tab bar exampleTests";
			productReference = 1488380C1B04DC42001C469E /* Tab bar exampleTests.xctest */;
			productType = "com.apple.product-type.bundle.unit-test";
		};
/* End PBXNativeTarget section */

/* Begin PBXProject section */
		148837EB1B04DC42001C469E /* Project object */ = {
			isa = PBXProject;
			attributes = {
				LastUpgradeCheck = 0630;
				ORGANIZATIONNAME = "Julio Castillo";
				TargetAttributes = {
					148837F21B04DC42001C469E = {
						CreatedOnToolsVersion = 6.3.1;
					};
					1488380B1B04DC42001C469E = {
						CreatedOnToolsVersion = 6.3.1;
						TestTargetID = 148837F21B04DC42001C469E;
					};
				};
			};
			buildConfigurationList = 148837EE1B04DC42001C469E /* Build configuration list for PBXProject "Tab bar example" */;
			compatibilityVersion = "Xcode 3.2";
			developmentRegion = English;
			hasScannedForEncodings = 0;
			knownRegions = (
				en,
				Base,
			);
			mainGroup = 148837EA1B04DC42001C469E;
			productRefGroup = 148837F41B04DC42001C469E /* Products */;
			projectDirPath = "";
			projectRoot = "";
			targets = (
				148837F21B04DC42001C469E /* Tab bar example */,
				1488380B1B04DC42001C469E /* Tab bar exampleTests */,
			);
		};
/* End PBXProject section */

/* Begin PBXResourcesBuildPhase section */
		148837F11B04DC42001C469E /* Resources */ = {
			isa = PBXResourcesBuildPhase;
			buildActionMask = 2147483647;
			files = (
				148838021B04DC42001C469E /* Main.storyboard in Resources */,
				148838071B04DC42001C469E /* LaunchScreen.xib in Resources */,
				148838041B04DC42001C469E /* Images.xcassets in Resources */,
			);
			runOnlyForDeploymentPostprocessing = 0;
		};
		1488380A1B04DC42001C469E /* Resources */ = {
			isa = PBXResourcesBuildPhase;
			buildActionMask = 2147483647;
			files = (
			);
			runOnlyForDeploymentPostprocessing = 0;
		};
/* End PBXResourcesBuildPhase section */

/* Begin PBXSourcesBuildPhase section */
		148837EF1B04DC42001C469E /* Sources */ = {
			isa = PBXSourcesBuildPhase;
			buildActionMask = 2147483647;
			files = (
				148837FF1B04DC42001C469E /* ViewController.m in Sources */,
				148837FC1B04DC42001C469E /* AppDelegate.m in Sources */,
				148837F91B04DC42001C469E /* main.m in Sources */,
			);
			runOnlyForDeploymentPostprocessing = 0;
		};
		148838081B04DC42001C469E /* Sources */ = {
			isa = PBXSourcesBuildPhase;
			buildActionMask = 2147483647;
			files = (
				148838131B04DC42001C469E /* Tab_bar_exampleTests.m in Sources */,
			);
			runOnlyForDeploymentPostprocessing = 0;
		};
/* End PBXSourcesBuildPhase section */

/* Begin PBXTargetDependency section */
		1488380E1B04DC42001C469E /* PBXTargetDependency */ = {
			isa = PBXTargetDependency;
			target = 148837F21B04DC42001C469E /* Tab bar example */;
			targetProxy = 1488380D1B04DC42001C469E /* PBXContainerItemProxy */;
		};
/* End PBXTargetDependency section */

/* Begin PBXVariantGroup section */
		148838001B04DC42001C469E /* Main.storyboard */ = {
			isa = PBXVariantGroup;
			children = (
				148838011B04DC42001C469E /* Base */,
			);
			name = Main.storyboard;
			sourceTree = "<group>";
		};
		148838051B04DC42001C469E /* LaunchScreen.xib */ = {
			isa = PBXVariantGroup;
			children = (
				148838061B04DC42001C469E /* Base */,
			);
			name = LaunchScreen.xib;
			sourceTree = "<group>";
		};
/* End PBXVariantGroup section */

/* Begin XCBuildConfiguration section */
		148838141B04DC42001C469E /* Debug */ = {
			isa = XCBuildConfiguration;
			buildSettings = {
				ALWAYS_SEARCH_USER_PATHS = NO;
				CLANG_CXX_LANGUAGE_STANDARD = "gnu++0x";
				CLANG_CXX_LIBRARY = "libc++";
				CLANG_ENABLE_MODULES = YES;
				CLANG_ENABLE_OBJC_ARC = YES;
				CLANG_WARN_BOOL_CONVERSION = YES;
				CLANG_WARN_CONSTANT_CONVERSION = YES;
				CLANG_WARN_DIRECT_OBJC_ISA_USAGE = YES_ERROR;
				CLANG_WARN_EMPTY_BODY = YES;
				CLANG_WARN_ENUM_CONVERSION = YES;
				CLANG_WARN_INT_CONVERSION = YES;
				CLANG_WARN_OBJC_ROOT_CLASS = YES_ERROR;
				CLANG_WARN_UNREACHABLE_CODE = YES;
				CLANG_WARN__DUPLICATE_METHOD_MATCH = YES;
				"CODE_SIGN_IDENTITY[sdk=iphoneos*]" = "iPhone Developer";
				COPY_PHASE_STRIP = NO;
				DEBUG_INFORMATION_FORMAT = "dwarf-with-dsym";
				ENABLE_STRICT_OBJC_MSGSEND = YES;
				GCC_C_LANGUAGE_STANDARD = gnu99;
				GCC_DYNAMIC_NO_PIC = NO;
				GCC_NO_COMMON_BLOCKS = YES;
				GCC_OPTIMIZATION_LEVEL = 0;
				GCC_PREPROCESSOR_DEFINITIONS = (
					"DEBUG=1",
					"$(inherited)",
				);
				GCC_SYMBOLS_PRIVATE_EXTERN = NO;
				GCC_WARN_64_TO_32_BIT_CONVERSION = YES;
				GCC_WARN_ABOUT_RETURN_TYPE = YES_ERROR;
				GCC_WARN_UNDECLARED_SELECTOR = YES;
				GCC_WARN_UNINITIALIZED_AUTOS = YES_AGGRESSIVE;
				GCC_WARN_UNUSED_FUNCTION = YES;
				GCC_WARN_UNUSED_VARIABLE = YES;
				IPHONEOS_DEPLOYMENT_TARGET = 8.3;
				MTL_ENABLE_DEBUG_INFO = YES;
				ONLY_ACTIVE_ARCH = YES;
				SDKROOT = iphoneos;
			};
			name = Debug;
		};
		148838151B04DC42001C469E /* Release */ = {
			isa = XCBuildConfiguration;
			buildSettings = {
				ALWAYS_SEARCH_USER_PATHS = NO;
				CLANG_CXX_LANGUAGE_STANDARD = "gnu++0x";
				CLANG_CXX_LIBRARY = "libc++";
				CLANG_ENABLE_MODULES = YES;
				CLANG_ENABLE_OBJC_ARC = YES;
				CLANG_WARN_BOOL_CONVERSION = YES;
				CLANG_WARN_CONSTANT_CONVERSION = YES;
				CLANG_WARN_DIRECT_OBJC_ISA_USAGE = YES_ERROR;
				CLANG_WARN_EMPTY_BODY = YES;
				CLANG_WARN_ENUM_CONVERSION = YES;
				CLANG_WARN_INT_CONVERSION = YES;
				CLANG_WARN_OBJC_ROOT_CLASS = YES_ERROR;
				CLANG_WARN_UNREACHABLE_CODE = YES;
				CLANG_WARN__DUPLICATE_METHOD_MATCH = YES;
				"CODE_SIGN_IDENTITY[sdk=iphoneos*]" = "iPhone Developer";
				COPY_PHASE_STRIP = NO;
				DEBUG_INFORMATION_FORMAT = "dwarf-with-dsym";
				ENABLE_NS_ASSERTIONS = NO;
				ENABLE_STRICT_OBJC_MSGSEND = YES;
				GCC_C_LANGUAGE_STANDARD = gnu99;
				GCC_NO_COMMON_BLOCKS = YES;
				GCC_WARN_64_TO_32_BIT_CONVERSION = YES;
				GCC_WARN_ABOUT_RETURN_TYPE = YES_ERROR;
				GCC_WARN_UNDECLARED_SELECTOR = YES;
				GCC_WARN_UNINITIALIZED_AUTOS = YES_AGGRESSIVE;
				GCC_WARN_UNUSED_FUNCTION = YES;
				GCC_WARN_UNUSED_VARIABLE = YES;
				IPHONEOS_DEPLOYMENT_TARGET = 8.3;
				MTL_ENABLE_DEBUG_INFO = NO;
				SDKROOT = iphoneos;
				VALIDATE_PRODUCT = YES;
			};
			name = Release;
		};
		148838171B04DC42001C469E /* Debug */ = {
			isa = XCBuildConfiguration;
			buildSettings = {
				ASSETCATALOG_COMPILER_APPICON_NAME = AppIcon;
				INFOPLIST_FILE = "Tab bar example/Info.plist";
				LD_RUNPATH_SEARCH_PATHS = "$(inherited) @executable_path/Frameworks";
				PRODUCT_NAME = "$(TARGET_NAME)";
			};
			name = Debug;
		};
		148838181B04DC42001C469E /* Release */ = {
			isa = XCBuildConfiguration;
			buildSettings = {
				ASSETCATALOG_COMPILER_APPICON_NAME = AppIcon;
				INFOPLIST_FILE = "Tab bar example/Info.plist";
				LD_RUNPATH_SEARCH_PATHS = "$(inherited) @executable_path/Frameworks";
				PRODUCT_NAME = "$(TARGET_NAME)";
			};
			name = Release;
		};
		1488381A1B04DC42001C469E /* Debug */ = {
			isa = XCBuildConfiguration;
			buildSettings = {
				BUNDLE_LOADER = "$(TEST_HOST)";
				FRAMEWORK_SEARCH_PATHS = (
					"$(SDKROOT)/Developer/Library/Frameworks",
					"$(inherited)",
				);
				GCC_PREPROCESSOR_DEFINITIONS = (
					"DEBUG=1",
					"$(inherited)",
				);
				INFOPLIST_FILE = "Tab bar exampleTests/Info.plist";
				LD_RUNPATH_SEARCH_PATHS = "$(inherited) @executable_path/Frameworks @loader_path/Frameworks";
				PRODUCT_NAME = "$(TARGET_NAME)";
				TEST_HOST = "$(BUILT_PRODUCTS_DIR)/Tab bar example.app/Tab bar example";
			};
			name = Debug;
		};
		1488381B1B04DC42001C469E /* Release */ = {
			isa = XCBuildConfiguration;
			buildSettings = {
				BUNDLE_LOADER = "$(TEST_HOST)";
				FRAMEWORK_SEARCH_PATHS = (
					"$(SDKROOT)/Developer/Library/Frameworks",
					"$(inherited)",
				);
				INFOPLIST_FILE = "Tab bar exampleTests/Info.plist";
				LD_RUNPATH_SEARCH_PATHS = "$(inherited) @executable_path/Frameworks @loader_path/Frameworks";
				PRODUCT_NAME = "$(TARGET_NAME)";
				TEST_HOST = "$(BUILT_PRODUCTS_DIR)/Tab bar example.app/Tab bar example";
			};
			name = Release;
		};
/* End XCBuildConfiguration section */

/* Begin XCConfigurationList section */
		148837EE1B04DC42001C469E /* Build configuration list for PBXProject "Tab bar example" */ = {
			isa = XCConfigurationList;
			buildConfigurations = (
				148838141B04DC42001C469E /* Debug */,
				148838151B04DC42001C469E /* Release */,
			);
			defaultConfigurationIsVisible = 0;
			defaultConfigurationName = Release;
		};
		148838161B04DC42001C469E /* Build configuration list for PBXNativeTarget "Tab bar example" */ = {
			isa = XCConfigurationList;
			buildConfigurations = (
				148838171B04DC42001C469E /* Debug */,
				148838181B04DC42001C469E /* Release */,
			);
			defaultConfigurationIsVisible = 0;
		};
		148838191B04DC42001C469E /* Build configuration list for PBXNativeTarget "Tab bar exampleTests" */ = {
			isa = XCConfigurationList;
			buildConfigurations = (
				1488381A1B04DC42001C469E /* Debug */,
				1488381B1B04DC42001C469E /* Release */,
			);
			defaultConfigurationIsVisible = 0;
		};
/* End XCConfigurationList section */
	};
	rootObject = 148837EB1B04DC42001C469E /* Project object */;
}
